
Microsoft Visual Studio Solution File, Format Version 12.00
# Visual Studio 15
VisualStudioVersion = 15.0.27703.2026
MinimumVisualStudioVersion = 10.0.40219.1
Project("{FAE04EC0-301F-11D3-BF4B-00C04F79EFBC}") = "MyFirstGitHubApp", "MyFirstGitHubApp\MyFirstGitHubApp.csproj", "{F483661A-E49D-4CE0-A5DC-5AECCDD38E20}"
EndProject
Global
	GlobalSection(SolutionConfigurationPlatforms) = preSolution
		Debug|Any CPU = Debug|Any CPU
		Release|Any CPU = Release|Any CPU
	EndGlobalSection
	GlobalSection(ProjectConfigurationPlatforms) = postSolution
		{F483661A-E49D-4CE0-A5DC-5AECCDD38E20}.Debug|Any CPU.ActiveCfg = Debug|Any CPU
		{F483661A-E49D-4CE0-A5DC-5AECCDD38E20}.Debug|Any CPU.Build.0 = Debug|Any CPU
		{F483661A-E49D-4CE0-A5DC-5AECCDD38E20}.Release|Any CPU.ActiveCfg = Release|Any CPU
		{F483661A-E49D-4CE0-A5DC-5AECCDD38E20}.Release|Any CPU.Build.0 = Release|Any CPU
	EndGlobalSection
	GlobalSection(SolutionProperties) = preSolution
		HideSolutionNode = FALSE
	EndGlobalSection
	GlobalSection(ExtensibilityGlobals) = postSolution
		SolutionGuid = {B88EC592-0752-40BF-8A41-554F1B000A79}
	EndGlobalSection
EndGlobal
